
Microsoft Visual Studio Solution File, Format Version 12.00
# Visual Studio 15
VisualStudioVersion = 15.0.27428.2005
MinimumVisualStudioVersion = 10.0.40219.1
Project("{FAE04EC0-301F-11D3-BF4B-00C04F79EFBC}") = "ExamTime", "..\NewStart\ExamTime.csproj", "{8B0D4632-621C-4DC7-964E-2ADB065D0FAC}"
EndProject
Project("{FAE04EC0-301F-11D3-BF4B-00C04F79EFBC}") = "PeshoTravel", "PeshoTravel\PeshoTravel.csproj", "{B8E4CD15-4864-405D-9D1F-897F3004373E}"
EndProject
Project("{FAE04EC0-301F-11D3-BF4B-00C04F79EFBC}") = "money", "money\money.csproj", "{D444DE1F-CA43-4BC6-AECD-AFC9DD72C126}"
EndProject
Project("{FAE04EC0-301F-11D3-BF4B-00C04F79EFBC}") = "EvenOrOdd", "EvenOrOdd\EvenOrOdd.csproj", "{C4756DB4-2311-400F-AB2B-5003E3026A49}"
EndProject
Project("{FAE04EC0-301F-11D3-BF4B-00C04F79EFBC}") = "Exact3Numbers", "Exact3Numbers\Exact3Numbers.csproj", "{8CAEA332-7A8B-4E95-9FD7-335B479A14B8}"
EndProject
Project("{FAE04EC0-301F-11D3-BF4B-00C04F79EFBC}") = "CheapTravel", "CheapTravel\CheapTravel.csproj", "{A43244C9-BF36-45AF-A031-EBD865824BE7}"
EndProject
Project("{FAE04EC0-301F-11D3-BF4B-00C04F79EFBC}") = "TomCat", "TomCat\TomCat.csproj", "{446FCC43-AD50-45D5-9AB0-A3AEFAFD95DA}"
EndProject
Project("{FAE04EC0-301F-11D3-BF4B-00C04F79EFBC}") = "Harvest", "Harvest\Harvest.csproj", "{58E1D134-4FEA-43D8-8AEE-A6049E7A56FD}"
EndProject
Project("{FAE04EC0-301F-11D3-BF4B-00C04F79EFBC}") = "Firm", "Firm\Firm.csproj", "{05145AD1-40AA-45FD-96A5-62C2E70403E3}"
EndProject
Project("{FAE04EC0-301F-11D3-BF4B-00C04F79EFBC}") = "CoffeShop", "CoffeShop\CoffeShop.csproj", "{49B53C3E-F0CD-49F9-AA2F-C8E5934458C2}"
EndProject
Project("{FAE04EC0-301F-11D3-BF4B-00C04F79EFBC}") = "Trip", "Trip\Trip.csproj", "{2F4B728C-B285-481E-83B9-F77503821A8A}"
EndProject
Project("{FAE04EC0-301F-11D3-BF4B-00C04F79EFBC}") = "Calculator", "Calculator\Calculator.csproj", "{418971F7-0745-41A4-B39A-294F96712703}"
EndProject
Project("{FAE04EC0-301F-11D3-BF4B-00C04F79EFBC}") = "Match Tickets", "Match Tickets\Match Tickets.csproj", "{13471E94-6D7D-468A-8188-ABF0270BFBEE}"
EndProject
Project("{FAE04EC0-301F-11D3-BF4B-00C04F79EFBC}") = "HotelRoom", "HotelRoom\HotelRoom.csproj", "{B2ACDE37-1A9A-425A-9BE9-47B9E0FB0B73}"
EndProject
Project("{FAE04EC0-301F-11D3-BF4B-00C04F79EFBC}") = "Histogram", "loops\Histogram.csproj", "{933912BF-C52E-4EFE-A26D-456B7E3AA1EF}"
EndProject
Project("{FAE04EC0-301F-11D3-BF4B-00C04F79EFBC}") = "SmartLily", "SmartLily\SmartLily.csproj", "{DCD5E173-6FA1-4050-AFA7-D282737C40C3}"
EndProject
Project("{FAE04EC0-301F-11D3-BF4B-00C04F79EFBC}") = "BackToThePast", "BackToThePast\BackToThePast.csproj", "{02844474-5C6C-4AC3-A221-663F73F017F8}"
EndProject
Project("{FAE04EC0-301F-11D3-BF4B-00C04F79EFBC}") = "Hospital", "Hospital\Hospital.csproj", "{532AE38E-26D6-47DA-892B-6DDA37063DA8}"
EndProject
Project("{FAE04EC0-301F-11D3-BF4B-00C04F79EFBC}") = "Division", "Division\Division.csproj", "{3FD9900F-C84A-44F0-B4BF-6655A1621E70}"
EndProject
Project("{FAE04EC0-301F-11D3-BF4B-00C04F79EFBC}") = "Logistics", "Logistics\Logistics.csproj", "{170284BD-F4BC-469C-837F-7ACCD7A35505}"
EndProject
Project("{FAE04EC0-301F-11D3-BF4B-00C04F79EFBC}") = "DrawSquare", "DrawSquare\DrawSquare.csproj", "{2BA3214A-D9D8-4032-AEA7-ACDC3C83CB18}"
EndProject
Project("{FAE04EC0-301F-11D3-BF4B-00C04F79EFBC}") = "Tree", "Tree\Tree.csproj", "{2FDCC373-1055-44CF-9C86-E86CBFB1C3F9}"
EndProject
Project("{FAE04EC0-301F-11D3-BF4B-00C04F79EFBC}") = "Sunglasses", "Sunglasses\Sunglasses.csproj", "{F1761F77-D069-4D88-B4EE-88CAA09C79FB}"
EndProject
Project("{FAE04EC0-301F-11D3-BF4B-00C04F79EFBC}") = "Fortress", "Fortress\Fortress.csproj", "{B20FCB4F-3D17-4DF0-81AA-2661629E2EEF}"
EndProject
Global
	GlobalSection(SolutionConfigurationPlatforms) = preSolution
		Debug|Any CPU = Debug|Any CPU
		Debug|x64 = Debug|x64
		Debug|x86 = Debug|x86
		Release|Any CPU = Release|Any CPU
		Release|x64 = Release|x64
		Release|x86 = Release|x86
	EndGlobalSection
	GlobalSection(ProjectConfigurationPlatforms) = postSolution
		{8B0D4632-621C-4DC7-964E-2ADB065D0FAC}.Debug|Any CPU.ActiveCfg = Debug|Any CPU
		{8B0D4632-621C-4DC7-964E-2ADB065D0FAC}.Debug|Any CPU.Build.0 = Debug|Any CPU
		{8B0D4632-621C-4DC7-964E-2ADB065D0FAC}.Debug|x64.ActiveCfg = Debug|Any CPU
		{8B0D4632-621C-4DC7-964E-2ADB065D0FAC}.Debug|x64.Build.0 = Debug|Any CPU
		{8B0D4632-621C-4DC7-964E-2ADB065D0FAC}.Debug|x86.ActiveCfg = Debug|Any CPU
		{8B0D4632-621C-4DC7-964E-2ADB065D0FAC}.Debug|x86.Build.0 = Debug|Any CPU
		{8B0D4632-621C-4DC7-964E-2ADB065D0FAC}.Release|Any CPU.ActiveCfg = Release|Any CPU
		{8B0D4632-621C-4DC7-964E-2ADB065D0FAC}.Release|Any CPU.Build.0 = Release|Any CPU
		{8B0D4632-621C-4DC7-964E-2ADB065D0FAC}.Release|x64.ActiveCfg = Release|Any CPU
		{8B0D4632-621C-4DC7-964E-2ADB065D0FAC}.Release|x64.Build.0 = Release|Any CPU
		{8B0D4632-621C-4DC7-964E-2ADB065D0FAC}.Release|x86.ActiveCfg = Release|Any CPU
		{8B0D4632-621C-4DC7-964E-2ADB065D0FAC}.Release|x86.Build.0 = Release|Any CPU
		{B8E4CD15-4864-405D-9D1F-897F3004373E}.Debug|Any CPU.ActiveCfg = Debug|Any CPU
		{B8E4CD15-4864-405D-9D1F-897F3004373E}.Debug|Any CPU.Build.0 = Debug|Any CPU
		{B8E4CD15-4864-405D-9D1F-897F3004373E}.Debug|x64.ActiveCfg = Debug|Any CPU
		{B8E4CD15-4864-405D-9D1F-897F3004373E}.Debug|x64.Build.0 = Debug|Any CPU
		{B8E4CD15-4864-405D-9D1F-897F3004373E}.Debug|x86.ActiveCfg = Debug|Any CPU
		{B8E4CD15-4864-405D-9D1F-897F3004373E}.Debug|x86.Build.0 = Debug|Any CPU
		{B8E4CD15-4864-405D-9D1F-897F3004373E}.Release|Any CPU.ActiveCfg = Release|Any CPU
		{B8E4CD15-4864-405D-9D1F-897F3004373E}.Release|Any CPU.Build.0 = Release|Any CPU
		{B8E4CD15-4864-405D-9D1F-897F3004373E}.Release|x64.ActiveCfg = Release|Any CPU
		{B8E4CD15-4864-405D-9D1F-897F3004373E}.Release|x64.Build.0 = Release|Any CPU
		{B8E4CD15-4864-405D-9D1F-897F3004373E}.Release|x86.ActiveCfg = Release|Any CPU
		{B8E4CD15-4864-405D-9D1F-897F3004373E}.Release|x86.Build.0 = Release|Any CPU
		{D444DE1F-CA43-4BC6-AECD-AFC9DD72C126}.Debug|Any CPU.ActiveCfg = Debug|Any CPU
		{D444DE1F-CA43-4BC6-AECD-AFC9DD72C126}.Debug|Any CPU.Build.0 = Debug|Any CPU
		{D444DE1F-CA43-4BC6-AECD-AFC9DD72C126}.Debug|x64.ActiveCfg = Debug|Any CPU
		{D444DE1F-CA43-4BC6-AECD-AFC9DD72C126}.Debug|x64.Build.0 = Debug|Any CPU
		{D444DE1F-CA43-4BC6-AECD-AFC9DD72C126}.Debug|x86.ActiveCfg = Debug|Any CPU
		{D444DE1F-CA43-4BC6-AECD-AFC9DD72C126}.Debug|x86.Build.0 = Debug|Any CPU
		{D444DE1F-CA43-4BC6-AECD-AFC9DD72C126}.Release|Any CPU.ActiveCfg = Release|Any CPU
		{D444DE1F-CA43-4BC6-AECD-AFC9DD72C126}.Release|Any CPU.Build.0 = Release|Any CPU
		{D444DE1F-CA43-4BC6-AECD-AFC9DD72C126}.Release|x64.ActiveCfg = Release|Any CPU
		{D444DE1F-CA43-4BC6-AECD-AFC9DD72C126}.Release|x64.Build.0 = Release|Any CPU
		{D444DE1F-CA43-4BC6-AECD-AFC9DD72C126}.Release|x86.ActiveCfg = Release|Any CPU
		{D444DE1F-CA43-4BC6-AECD-AFC9DD72C126}.Release|x86.Build.0 = Release|Any CPU
		{C4756DB4-2311-400F-AB2B-5003E3026A49}.Debug|Any CPU.ActiveCfg = Debug|Any CPU
		{C4756DB4-2311-400F-AB2B-5003E3026A49}.Debug|Any CPU.Build.0 = Debug|Any CPU
		{C4756DB4-2311-400F-AB2B-5003E3026A49}.Debug|x64.ActiveCfg = Debug|Any CPU
		{C4756DB4-2311-400F-AB2B-5003E3026A49}.Debug|x64.Build.0 = Debug|Any CPU
		{C4756DB4-2311-400F-AB2B-5003E3026A49}.Debug|x86.ActiveCfg = Debug|Any CPU
		{C4756DB4-2311-400F-AB2B-5003E3026A49}.Debug|x86.Build.0 = Debug|Any CPU
		{C4756DB4-2311-400F-AB2B-5003E3026A49}.Release|Any CPU.ActiveCfg = Release|Any CPU
		{C4756DB4-2311-400F-AB2B-5003E3026A49}.Release|Any CPU.Build.0 = Release|Any CPU
		{C4756DB4-2311-400F-AB2B-5003E3026A49}.Release|x64.ActiveCfg = Release|Any CPU
		{C4756DB4-2311-400F-AB2B-5003E3026A49}.Release|x64.Build.0 = Release|Any CPU
		{C4756DB4-2311-400F-AB2B-5003E3026A49}.Release|x86.ActiveCfg = Release|Any CPU
		{C4756DB4-2311-400F-AB2B-5003E3026A49}.Release|x86.Build.0 = Release|Any CPU
		{8CAEA332-7A8B-4E95-9FD7-335B479A14B8}.Debug|Any CPU.ActiveCfg = Debug|Any CPU
		{8CAEA332-7A8B-4E95-9FD7-335B479A14B8}.Debug|Any CPU.Build.0 = Debug|Any CPU
		{8CAEA332-7A8B-4E95-9FD7-335B479A14B8}.Debug|x64.ActiveCfg = Debug|Any CPU
		{8CAEA332-7A8B-4E95-9FD7-335B479A14B8}.Debug|x64.Build.0 = Debug|Any CPU
		{8CAEA332-7A8B-4E95-9FD7-335B479A14B8}.Debug|x86.ActiveCfg = Debug|Any CPU
		{8CAEA332-7A8B-4E95-9FD7-335B479A14B8}.Debug|x86.Build.0 = Debug|Any CPU
		{8CAEA332-7A8B-4E95-9FD7-335B479A14B8}.Release|Any CPU.ActiveCfg = Release|Any CPU
		{8CAEA332-7A8B-4E95-9FD7-335B479A14B8}.Release|Any CPU.Build.0 = Release|Any CPU
		{8CAEA332-7A8B-4E95-9FD7-335B479A14B8}.Release|x64.ActiveCfg = Release|Any CPU
		{8CAEA332-7A8B-4E95-9FD7-335B479A14B8}.Release|x64.Build.0 = Release|Any CPU
		{8CAEA332-7A8B-4E95-9FD7-335B479A14B8}.Release|x86.ActiveCfg = Release|Any CPU
		{8CAEA332-7A8B-4E95-9FD7-335B479A14B8}.Release|x86.Build.0 = Release|Any CPU
		{A43244C9-BF36-45AF-A031-EBD865824BE7}.Debug|Any CPU.ActiveCfg = Debug|Any CPU
		{A43244C9-BF36-45AF-A031-EBD865824BE7}.Debug|Any CPU.Build.0 = Debug|Any CPU
		{A43244C9-BF36-45AF-A031-EBD865824BE7}.Debug|x64.ActiveCfg = Debug|Any CPU
		{A43244C9-BF36-45AF-A031-EBD865824BE7}.Debug|x64.Build.0 = Debug|Any CPU
		{A43244C9-BF36-45AF-A031-EBD865824BE7}.Debug|x86.ActiveCfg = Debug|Any CPU
		{A43244C9-BF36-45AF-A031-EBD865824BE7}.Debug|x86.Build.0 = Debug|Any CPU
		{A43244C9-BF36-45AF-A031-EBD865824BE7}.Release|Any CPU.ActiveCfg = Release|Any CPU
		{A43244C9-BF36-45AF-A031-EBD865824BE7}.Release|Any CPU.Build.0 = Release|Any CPU
		{A43244C9-BF36-45AF-A031-EBD865824BE7}.Release|x64.ActiveCfg = Release|Any CPU
		{A43244C9-BF36-45AF-A031-EBD865824BE7}.Release|x64.Build.0 = Release|Any CPU
		{A43244C9-BF36-45AF-A031-EBD865824BE7}.Release|x86.ActiveCfg = Release|Any CPU
		{A43244C9-BF36-45AF-A031-EBD865824BE7}.Release|x86.Build.0 = Release|Any CPU
		{446FCC43-AD50-45D5-9AB0-A3AEFAFD95DA}.Debug|Any CPU.ActiveCfg = Debug|Any CPU
		{446FCC43-AD50-45D5-9AB0-A3AEFAFD95DA}.Debug|Any CPU.Build.0 = Debug|Any CPU
		{446FCC43-AD50-45D5-9AB0-A3AEFAFD95DA}.Debug|x64.ActiveCfg = Debug|Any CPU
		{446FCC43-AD50-45D5-9AB0-A3AEFAFD95DA}.Debug|x64.Build.0 = Debug|Any CPU
		{446FCC43-AD50-45D5-9AB0-A3AEFAFD95DA}.Debug|x86.ActiveCfg = Debug|Any CPU
		{446FCC43-AD50-45D5-9AB0-A3AEFAFD95DA}.Debug|x86.Build.0 = Debug|Any CPU
		{446FCC43-AD50-45D5-9AB0-A3AEFAFD95DA}.Release|Any CPU.ActiveCfg = Release|Any CPU
		{446FCC43-AD50-45D5-9AB0-A3AEFAFD95DA}.Release|Any CPU.Build.0 = Release|Any CPU
		{446FCC43-AD50-45D5-9AB0-A3AEFAFD95DA}.Release|x64.ActiveCfg = Release|Any CPU
		{446FCC43-AD50-45D5-9AB0-A3AEFAFD95DA}.Release|x64.Build.0 = Release|Any CPU
		{446FCC43-AD50-45D5-9AB0-A3AEFAFD95DA}.Release|x86.ActiveCfg = Release|Any CPU
		{446FCC43-AD50-45D5-9AB0-A3AEFAFD95DA}.Release|x86.Build.0 = Release|Any CPU
		{58E1D134-4FEA-43D8-8AEE-A6049E7A56FD}.Debug|Any CPU.ActiveCfg = Debug|Any CPU
		{58E1D134-4FEA-43D8-8AEE-A6049E7A56FD}.Debug|Any CPU.Build.0 = Debug|Any CPU
		{58E1D134-4FEA-43D8-8AEE-A6049E7A56FD}.Debug|x64.ActiveCfg = Debug|Any CPU
		{58E1D134-4FEA-43D8-8AEE-A6049E7A56FD}.Debug|x64.Build.0 = Debug|Any CPU
		{58E1D134-4FEA-43D8-8AEE-A6049E7A56FD}.Debug|x86.ActiveCfg = Debug|Any CPU
		{58E1D134-4FEA-43D8-8AEE-A6049E7A56FD}.Debug|x86.Build.0 = Debug|Any CPU
		{58E1D134-4FEA-43D8-8AEE-A6049E7A56FD}.Release|Any CPU.ActiveCfg = Release|Any CPU
		{58E1D134-4FEA-43D8-8AEE-A6049E7A56FD}.Release|Any CPU.Build.0 = Release|Any CPU
		{58E1D134-4FEA-43D8-8AEE-A6049E7A56FD}.Release|x64.ActiveCfg = Release|Any CPU
		{58E1D134-4FEA-43D8-8AEE-A6049E7A56FD}.Release|x64.Build.0 = Release|Any CPU
		{58E1D134-4FEA-43D8-8AEE-A6049E7A56FD}.Release|x86.ActiveCfg = Release|Any CPU
		{58E1D134-4FEA-43D8-8AEE-A6049E7A56FD}.Release|x86.Build.0 = Release|Any CPU
		{05145AD1-40AA-45FD-96A5-62C2E70403E3}.Debug|Any CPU.ActiveCfg = Debug|Any CPU
		{05145AD1-40AA-45FD-96A5-62C2E70403E3}.Debug|Any CPU.Build.0 = Debug|Any CPU
		{05145AD1-40AA-45FD-96A5-62C2E70403E3}.Debug|x64.ActiveCfg = Debug|Any CPU
		{05145AD1-40AA-45FD-96A5-62C2E70403E3}.Debug|x64.Build.0 = Debug|Any CPU
		{05145AD1-40AA-45FD-96A5-62C2E70403E3}.Debug|x86.ActiveCfg = Debug|Any CPU
		{05145AD1-40AA-45FD-96A5-62C2E70403E3}.Debug|x86.Build.0 = Debug|Any CPU
		{05145AD1-40AA-45FD-96A5-62C2E70403E3}.Release|Any CPU.ActiveCfg = Release|Any CPU
		{05145AD1-40AA-45FD-96A5-62C2E70403E3}.Release|Any CPU.Build.0 = Release|Any CPU
		{05145AD1-40AA-45FD-96A5-62C2E70403E3}.Release|x64.ActiveCfg = Release|Any CPU
		{05145AD1-40AA-45FD-96A5-62C2E70403E3}.Release|x64.Build.0 = Release|Any CPU
		{05145AD1-40AA-45FD-96A5-62C2E70403E3}.Release|x86.ActiveCfg = Release|Any CPU
		{05145AD1-40AA-45FD-96A5-62C2E70403E3}.Release|x86.Build.0 = Release|Any CPU
		{49B53C3E-F0CD-49F9-AA2F-C8E5934458C2}.Debug|Any CPU.ActiveCfg = Debug|Any CPU
		{49B53C3E-F0CD-49F9-AA2F-C8E5934458C2}.Debug|Any CPU.Build.0 = Debug|Any CPU
		{49B53C3E-F0CD-49F9-AA2F-C8E5934458C2}.Debug|x64.ActiveCfg = Debug|Any CPU
		{49B53C3E-F0CD-49F9-AA2F-C8E5934458C2}.Debug|x64.Build.0 = Debug|Any CPU
		{49B53C3E-F0CD-49F9-AA2F-C8E5934458C2}.Debug|x86.ActiveCfg = Debug|Any CPU
		{49B53C3E-F0CD-49F9-AA2F-C8E5934458C2}.Debug|x86.Build.0 = Debug|Any CPU
		{49B53C3E-F0CD-49F9-AA2F-C8E5934458C2}.Release|Any CPU.ActiveCfg = Release|Any CPU
		{49B53C3E-F0CD-49F9-AA2F-C8E5934458C2}.Release|Any CPU.Build.0 = Release|Any CPU
		{49B53C3E-F0CD-49F9-AA2F-C8E5934458C2}.Release|x64.ActiveCfg = Release|Any CPU
		{49B53C3E-F0CD-49F9-AA2F-C8E5934458C2}.Release|x64.Build.0 = Release|Any CPU
		{49B53C3E-F0CD-49F9-AA2F-C8E5934458C2}.Release|x86.ActiveCfg = Release|Any CPU
		{49B53C3E-F0CD-49F9-AA2F-C8E5934458C2}.Release|x86.Build.0 = Release|Any CPU
		{2F4B728C-B285-481E-83B9-F77503821A8A}.Debug|Any CPU.ActiveCfg = Debug|Any CPU
		{2F4B728C-B285-481E-83B9-F77503821A8A}.Debug|Any CPU.Build.0 = Debug|Any CPU
		{2F4B728C-B285-481E-83B9-F77503821A8A}.Debug|x64.ActiveCfg = Debug|Any CPU
		{2F4B728C-B285-481E-83B9-F77503821A8A}.Debug|x64.Build.0 = Debug|Any CPU
		{2F4B728C-B285-481E-83B9-F77503821A8A}.Debug|x86.ActiveCfg = Debug|Any CPU
		{2F4B728C-B285-481E-83B9-F77503821A8A}.Debug|x86.Build.0 = Debug|Any CPU
		{2F4B728C-B285-481E-83B9-F77503821A8A}.Release|Any CPU.ActiveCfg = Release|Any CPU
		{2F4B728C-B285-481E-83B9-F77503821A8A}.Release|Any CPU.Build.0 = Release|Any CPU
		{2F4B728C-B285-481E-83B9-F77503821A8A}.Release|x64.ActiveCfg = Release|Any CPU
		{2F4B728C-B285-481E-83B9-F77503821A8A}.Release|x64.Build.0 = Release|Any CPU
		{2F4B728C-B285-481E-83B9-F77503821A8A}.Release|x86.ActiveCfg = Release|Any CPU
		{2F4B728C-B285-481E-83B9-F77503821A8A}.Release|x86.Build.0 = Release|Any CPU
		{418971F7-0745-41A4-B39A-294F96712703}.Debug|Any CPU.ActiveCfg = Debug|Any CPU
		{418971F7-0745-41A4-B39A-294F96712703}.Debug|Any CPU.Build.0 = Debug|Any CPU
		{418971F7-0745-41A4-B39A-294F96712703}.Debug|x64.ActiveCfg = Debug|Any CPU
		{418971F7-0745-41A4-B39A-294F96712703}.Debug|x64.Build.0 = Debug|Any CPU
		{418971F7-0745-41A4-B39A-294F96712703}.Debug|x86.ActiveCfg = Debug|Any CPU
		{418971F7-0745-41A4-B39A-294F96712703}.Debug|x86.Build.0 = Debug|Any CPU
		{418971F7-0745-41A4-B39A-294F96712703}.Release|Any CPU.ActiveCfg = Release|Any CPU
		{418971F7-0745-41A4-B39A-294F96712703}.Release|Any CPU.Build.0 = Release|Any CPU
		{418971F7-0745-41A4-B39A-294F96712703}.Release|x64.ActiveCfg = Release|Any CPU
		{418971F7-0745-41A4-B39A-294F96712703}.Release|x64.Build.0 = Release|Any CPU
		{418971F7-0745-41A4-B39A-294F96712703}.Release|x86.ActiveCfg = Release|Any CPU
		{418971F7-0745-41A4-B39A-294F96712703}.Release|x86.Build.0 = Release|Any CPU
		{13471E94-6D7D-468A-8188-ABF0270BFBEE}.Debug|Any CPU.ActiveCfg = Debug|Any CPU
		{13471E94-6D7D-468A-8188-ABF0270BFBEE}.Debug|Any CPU.Build.0 = Debug|Any CPU
		{13471E94-6D7D-468A-8188-ABF0270BFBEE}.Debug|x64.ActiveCfg = Debug|Any CPU
		{13471E94-6D7D-468A-8188-ABF0270BFBEE}.Debug|x64.Build.0 = Debug|Any CPU
		{13471E94-6D7D-468A-8188-ABF0270BFBEE}.Debug|x86.ActiveCfg = Debug|Any CPU
		{13471E94-6D7D-468A-8188-ABF0270BFBEE}.Debug|x86.Build.0 = Debug|Any CPU
		{13471E94-6D7D-468A-8188-ABF0270BFBEE}.Release|Any CPU.ActiveCfg = Release|Any CPU
		{13471E94-6D7D-468A-8188-ABF0270BFBEE}.Release|Any CPU.Build.0 = Release|Any CPU
		{13471E94-6D7D-468A-8188-ABF0270BFBEE}.Release|x64.ActiveCfg = Release|Any CPU
		{13471E94-6D7D-468A-8188-ABF0270BFBEE}.Release|x64.Build.0 = Release|Any CPU
		{13471E94-6D7D-468A-8188-ABF0270BFBEE}.Release|x86.ActiveCfg = Release|Any CPU
		{13471E94-6D7D-468A-8188-ABF0270BFBEE}.Release|x86.Build.0 = Release|Any CPU
		{B2ACDE37-1A9A-425A-9BE9-47B9E0FB0B73}.Debug|Any CPU.ActiveCfg = Debug|Any CPU
		{B2ACDE37-1A9A-425A-9BE9-47B9E0FB0B73}.Debug|Any CPU.Build.0 = Debug|Any CPU
		{B2ACDE37-1A9A-425A-9BE9-47B9E0FB0B73}.Debug|x64.ActiveCfg = Debug|Any CPU
		{B2ACDE37-1A9A-425A-9BE9-47B9E0FB0B73}.Debug|x64.Build.0 = Debug|Any CPU
		{B2ACDE37-1A9A-425A-9BE9-47B9E0FB0B73}.Debug|x86.ActiveCfg = Debug|Any CPU
		{B2ACDE37-1A9A-425A-9BE9-47B9E0FB0B73}.Debug|x86.Build.0 = Debug|Any CPU
		{B2ACDE37-1A9A-425A-9BE9-47B9E0FB0B73}.Release|Any CPU.ActiveCfg = Release|Any CPU
		{B2ACDE37-1A9A-425A-9BE9-47B9E0FB0B73}.Release|Any CPU.Build.0 = Release|Any CPU
		{B2ACDE37-1A9A-425A-9BE9-47B9E0FB0B73}.Release|x64.ActiveCfg = Release|Any CPU
		{B2ACDE37-1A9A-425A-9BE9-47B9E0FB0B73}.Release|x64.Build.0 = Release|Any CPU
		{B2ACDE37-1A9A-425A-9BE9-47B9E0FB0B73}.Release|x86.ActiveCfg = Release|Any CPU
		{B2ACDE37-1A9A-425A-9BE9-47B9E0FB0B73}.Release|x86.Build.0 = Release|Any CPU
		{933912BF-C52E-4EFE-A26D-456B7E3AA1EF}.Debug|Any CPU.ActiveCfg = Debug|Any CPU
		{933912BF-C52E-4EFE-A26D-456B7E3AA1EF}.Debug|Any CPU.Build.0 = Debug|Any CPU
		{933912BF-C52E-4EFE-A26D-456B7E3AA1EF}.Debug|x64.ActiveCfg = Debug|Any CPU
		{933912BF-C52E-4EFE-A26D-456B7E3AA1EF}.Debug|x64.Build.0 = Debug|Any CPU
		{933912BF-C52E-4EFE-A26D-456B7E3AA1EF}.Debug|x86.ActiveCfg = Debug|Any CPU
		{933912BF-C52E-4EFE-A26D-456B7E3AA1EF}.Debug|x86.Build.0 = Debug|Any CPU
		{933912BF-C52E-4EFE-A26D-456B7E3AA1EF}.Release|Any CPU.ActiveCfg = Release|Any CPU
		{933912BF-C52E-4EFE-A26D-456B7E3AA1EF}.Release|Any CPU.Build.0 = Release|Any CPU
		{933912BF-C52E-4EFE-A26D-456B7E3AA1EF}.Release|x64.ActiveCfg = Release|Any CPU
		{933912BF-C52E-4EFE-A26D-456B7E3AA1EF}.Release|x64.Build.0 = Release|Any CPU
		{933912BF-C52E-4EFE-A26D-456B7E3AA1EF}.Release|x86.ActiveCfg = Release|Any CPU
		{933912BF-C52E-4EFE-A26D-456B7E3AA1EF}.Release|x86.Build.0 = Release|Any CPU
		{DCD5E173-6FA1-4050-AFA7-D282737C40C3}.Debug|Any CPU.ActiveCfg = Debug|Any CPU
		{DCD5E173-6FA1-4050-AFA7-D282737C40C3}.Debug|Any CPU.Build.0 = Debug|Any CPU
		{DCD5E173-6FA1-4050-AFA7-D282737C40C3}.Debug|x64.ActiveCfg = Debug|Any CPU
		{DCD5E173-6FA1-4050-AFA7-D282737C40C3}.Debug|x64.Build.0 = Debug|Any CPU
		{DCD5E173-6FA1-4050-AFA7-D282737C40C3}.Debug|x86.ActiveCfg = Debug|Any CPU
		{DCD5E173-6FA1-4050-AFA7-D282737C40C3}.Debug|x86.Build.0 = Debug|Any CPU
		{DCD5E173-6FA1-4050-AFA7-D282737C40C3}.Release|Any CPU.ActiveCfg = Release|Any CPU
		{DCD5E173-6FA1-4050-AFA7-D282737C40C3}.Release|Any CPU.Build.0 = Release|Any CPU
		{DCD5E173-6FA1-4050-AFA7-D282737C40C3}.Release|x64.ActiveCfg = Release|Any CPU
		{DCD5E173-6FA1-4050-AFA7-D282737C40C3}.Release|x64.Build.0 = Release|Any CPU
		{DCD5E173-6FA1-4050-AFA7-D282737C40C3}.Release|x86.ActiveCfg = Release|Any CPU
		{DCD5E173-6FA1-4050-AFA7-D282737C40C3}.Release|x86.Build.0 = Release|Any CPU
		{02844474-5C6C-4AC3-A221-663F73F017F8}.Debug|Any CPU.ActiveCfg = Debug|Any CPU
		{02844474-5C6C-4AC3-A221-663F73F017F8}.Debug|Any CPU.Build.0 = Debug|Any CPU
		{02844474-5C6C-4AC3-A221-663F73F017F8}.Debug|x64.ActiveCfg = Debug|Any CPU
		{02844474-5C6C-4AC3-A221-663F73F017F8}.Debug|x64.Build.0 = Debug|Any CPU
		{02844474-5C6C-4AC3-A221-663F73F017F8}.Debug|x86.ActiveCfg = Debug|Any CPU
		{02844474-5C6C-4AC3-A221-663F73F017F8}.Debug|x86.Build.0 = Debug|Any CPU
		{02844474-5C6C-4AC3-A221-663F73F017F8}.Release|Any CPU.ActiveCfg = Release|Any CPU
		{02844474-5C6C-4AC3-A221-663F73F017F8}.Release|Any CPU.Build.0 = Release|Any CPU
		{02844474-5C6C-4AC3-A221-663F73F017F8}.Release|x64.ActiveCfg = Release|Any CPU
		{02844474-5C6C-4AC3-A221-663F73F017F8}.Release|x64.Build.0 = Release|Any CPU
		{02844474-5C6C-4AC3-A221-663F73F017F8}.Release|x86.ActiveCfg = Release|Any CPU
		{02844474-5C6C-4AC3-A221-663F73F017F8}.Release|x86.Build.0 = Release|Any CPU
		{532AE38E-26D6-47DA-892B-6DDA37063DA8}.Debug|Any CPU.ActiveCfg = Debug|Any CPU
		{532AE38E-26D6-47DA-892B-6DDA37063DA8}.Debug|Any CPU.Build.0 = Debug|Any CPU
		{532AE38E-26D6-47DA-892B-6DDA37063DA8}.Debug|x64.ActiveCfg = Debug|Any CPU
		{532AE38E-26D6-47DA-892B-6DDA37063DA8}.Debug|x64.Build.0 = Debug|Any CPU
		{532AE38E-26D6-47DA-892B-6DDA37063DA8}.Debug|x86.ActiveCfg = Debug|Any CPU
		{532AE38E-26D6-47DA-892B-6DDA37063DA8}.Debug|x86.Build.0 = Debug|Any CPU
		{532AE38E-26D6-47DA-892B-6DDA37063DA8}.Release|Any CPU.ActiveCfg = Release|Any CPU
		{532AE38E-26D6-47DA-892B-6DDA37063DA8}.Release|Any CPU.Build.0 = Release|Any CPU
		{532AE38E-26D6-47DA-892B-6DDA37063DA8}.Release|x64.ActiveCfg = Release|Any CPU
		{532AE38E-26D6-47DA-892B-6DDA37063DA8}.Release|x64.Build.0 = Release|Any CPU
		{532AE38E-26D6-47DA-892B-6DDA37063DA8}.Release|x86.ActiveCfg = Release|Any CPU
		{532AE38E-26D6-47DA-892B-6DDA37063DA8}.Release|x86.Build.0 = Release|Any CPU
		{3FD9900F-C84A-44F0-B4BF-6655A1621E70}.Debug|Any CPU.ActiveCfg = Debug|Any CPU
		{3FD9900F-C84A-44F0-B4BF-6655A1621E70}.Debug|Any CPU.Build.0 = Debug|Any CPU
		{3FD9900F-C84A-44F0-B4BF-6655A1621E70}.Debug|x64.ActiveCfg = Debug|Any CPU
		{3FD9900F-C84A-44F0-B4BF-6655A1621E70}.Debug|x64.Build.0 = Debug|Any CPU
		{3FD9900F-C84A-44F0-B4BF-6655A1621E70}.Debug|x86.ActiveCfg = Debug|Any CPU
		{3FD9900F-C84A-44F0-B4BF-6655A1621E70}.Debug|x86.Build.0 = Debug|Any CPU
		{3FD9900F-C84A-44F0-B4BF-6655A1621E70}.Release|Any CPU.ActiveCfg = Release|Any CPU
		{3FD9900F-C84A-44F0-B4BF-6655A1621E70}.Release|Any CPU.Build.0 = Release|Any CPU
		{3FD9900F-C84A-44F0-B4BF-6655A1621E70}.Release|x64.ActiveCfg = Release|Any CPU
		{3FD9900F-C84A-44F0-B4BF-6655A1621E70}.Release|x64.Build.0 = Release|Any CPU
		{3FD9900F-C84A-44F0-B4BF-6655A1621E70}.Release|x86.ActiveCfg = Release|Any CPU
		{3FD9900F-C84A-44F0-B4BF-6655A1621E70}.Release|x86.Build.0 = Release|Any CPU
		{170284BD-F4BC-469C-837F-7ACCD7A35505}.Debug|Any CPU.ActiveCfg = Debug|Any CPU
		{170284BD-F4BC-469C-837F-7ACCD7A35505}.Debug|Any CPU.Build.0 = Debug|Any CPU
		{170284BD-F4BC-469C-837F-7ACCD7A35505}.Debug|x64.ActiveCfg = Debug|Any CPU
		{170284BD-F4BC-469C-837F-7ACCD7A35505}.Debug|x64.Build.0 = Debug|Any CPU
		{170284BD-F4BC-469C-837F-7ACCD7A35505}.Debug|x86.ActiveCfg = Debug|Any CPU
		{170284BD-F4BC-469C-837F-7ACCD7A35505}.Debug|x86.Build.0 = Debug|Any CPU
		{170284BD-F4BC-469C-837F-7ACCD7A35505}.Release|Any CPU.ActiveCfg = Release|Any CPU
		{170284BD-F4BC-469C-837F-7ACCD7A35505}.Release|Any CPU.Build.0 = Release|Any CPU
		{170284BD-F4BC-469C-837F-7ACCD7A35505}.Release|x64.ActiveCfg = Release|Any CPU
		{170284BD-F4BC-469C-837F-7ACCD7A35505}.Release|x64.Build.0 = Release|Any CPU
		{170284BD-F4BC-469C-837F-7ACCD7A35505}.Release|x86.ActiveCfg = Release|Any CPU
		{170284BD-F4BC-469C-837F-7ACCD7A35505}.Release|x86.Build.0 = Release|Any CPU
		{2BA3214A-D9D8-4032-AEA7-ACDC3C83CB18}.Debug|Any CPU.ActiveCfg = Debug|Any CPU
		{2BA3214A-D9D8-4032-AEA7-ACDC3C83CB18}.Debug|Any CPU.Build.0 = Debug|Any CPU
		{2BA3214A-D9D8-4032-AEA7-ACDC3C83CB18}.Debug|x64.ActiveCfg = Debug|Any CPU
		{2BA3214A-D9D8-4032-AEA7-ACDC3C83CB18}.Debug|x64.Build.0 = Debug|Any CPU
		{2BA3214A-D9D8-4032-AEA7-ACDC3C83CB18}.Debug|x86.ActiveCfg = Debug|Any CPU
		{2BA3214A-D9D8-4032-AEA7-ACDC3C83CB18}.Debug|x86.Build.0 = Debug|Any CPU
		{2BA3214A-D9D8-4032-AEA7-ACDC3C83CB18}.Release|Any CPU.ActiveCfg = Release|Any CPU
		{2BA3214A-D9D8-4032-AEA7-ACDC3C83CB18}.Release|Any CPU.Build.0 = Release|Any CPU
		{2BA3214A-D9D8-4032-AEA7-ACDC3C83CB18}.Release|x64.ActiveCfg = Release|Any CPU
		{2BA3214A-D9D8-4032-AEA7-ACDC3C83CB18}.Release|x64.Build.0 = Release|Any CPU
		{2BA3214A-D9D8-4032-AEA7-ACDC3C83CB18}.Release|x86.ActiveCfg = Release|Any CPU
		{2BA3214A-D9D8-4032-AEA7-ACDC3C83CB18}.Release|x86.Build.0 = Release|Any CPU
		{2FDCC373-1055-44CF-9C86-E86CBFB1C3F9}.Debug|Any CPU.ActiveCfg = Debug|Any CPU
		{2FDCC373-1055-44CF-9C86-E86CBFB1C3F9}.Debug|Any CPU.Build.0 = Debug|Any CPU
		{2FDCC373-1055-44CF-9C86-E86CBFB1C3F9}.Debug|x64.ActiveCfg = Debug|Any CPU
		{2FDCC373-1055-44CF-9C86-E86CBFB1C3F9}.Debug|x64.Build.0 = Debug|Any CPU
		{2FDCC373-1055-44CF-9C86-E86CBFB1C3F9}.Debug|x86.ActiveCfg = Debug|Any CPU
		{2FDCC373-1055-44CF-9C86-E86CBFB1C3F9}.Debug|x86.Build.0 = Debug|Any CPU
		{2FDCC373-1055-44CF-9C86-E86CBFB1C3F9}.Release|Any CPU.ActiveCfg = Release|Any CPU
		{2FDCC373-1055-44CF-9C86-E86CBFB1C3F9}.Release|Any CPU.Build.0 = Release|Any CPU
		{2FDCC373-1055-44CF-9C86-E86CBFB1C3F9}.Release|x64.ActiveCfg = Release|Any CPU
		{2FDCC373-1055-44CF-9C86-E86CBFB1C3F9}.Release|x64.Build.0 = Release|Any CPU
		{2FDCC373-1055-44CF-9C86-E86CBFB1C3F9}.Release|x86.ActiveCfg = Release|Any CPU
		{2FDCC373-1055-44CF-9C86-E86CBFB1C3F9}.Release|x86.Build.0 = Release|Any CPU
		{F1761F77-D069-4D88-B4EE-88CAA09C79FB}.Debug|Any CPU.ActiveCfg = Debug|Any CPU
		{F1761F77-D069-4D88-B4EE-88CAA09C79FB}.Debug|Any CPU.Build.0 = Debug|Any CPU
		{F1761F77-D069-4D88-B4EE-88CAA09C79FB}.Debug|x64.ActiveCfg = Debug|Any CPU
		{F1761F77-D069-4D88-B4EE-88CAA09C79FB}.Debug|x64.Build.0 = Debug|Any CPU
		{F1761F77-D069-4D88-B4EE-88CAA09C79FB}.Debug|x86.ActiveCfg = Debug|Any CPU
		{F1761F77-D069-4D88-B4EE-88CAA09C79FB}.Debug|x86.Build.0 = Debug|Any CPU
		{F1761F77-D069-4D88-B4EE-88CAA09C79FB}.Release|Any CPU.ActiveCfg = Release|Any CPU
		{F1761F77-D069-4D88-B4EE-88CAA09C79FB}.Release|Any CPU.Build.0 = Release|Any CPU
		{F1761F77-D069-4D88-B4EE-88CAA09C79FB}.Release|x64.ActiveCfg = Release|Any CPU
		{F1761F77-D069-4D88-B4EE-88CAA09C79FB}.Release|x64.Build.0 = Release|Any CPU
		{F1761F77-D069-4D88-B4EE-88CAA09C79FB}.Release|x86.ActiveCfg = Release|Any CPU
		{F1761F77-D069-4D88-B4EE-88CAA09C79FB}.Release|x86.Build.0 = Release|Any CPU
		{B20FCB4F-3D17-4DF0-81AA-2661629E2EEF}.Debug|Any CPU.ActiveCfg = Debug|Any CPU
		{B20FCB4F-3D17-4DF0-81AA-2661629E2EEF}.Debug|Any CPU.Build.0 = Debug|Any CPU
		{B20FCB4F-3D17-4DF0-81AA-2661629E2EEF}.Debug|x64.ActiveCfg = Debug|Any CPU
		{B20FCB4F-3D17-4DF0-81AA-2661629E2EEF}.Debug|x64.Build.0 = Debug|Any CPU
		{B20FCB4F-3D17-4DF0-81AA-2661629E2EEF}.Debug|x86.ActiveCfg = Debug|Any CPU
		{B20FCB4F-3D17-4DF0-81AA-2661629E2EEF}.Debug|x86.Build.0 = Debug|Any CPU
		{B20FCB4F-3D17-4DF0-81AA-2661629E2EEF}.Release|Any CPU.ActiveCfg = Release|Any CPU
		{B20FCB4F-3D17-4DF0-81AA-2661629E2EEF}.Release|Any CPU.Build.0 = Release|Any CPU
		{B20FCB4F-3D17-4DF0-81AA-2661629E2EEF}.Release|x64.ActiveCfg = Release|Any CPU
		{B20FCB4F-3D17-4DF0-81AA-2661629E2EEF}.Release|x64.Build.0 = Release|Any CPU
		{B20FCB4F-3D17-4DF0-81AA-2661629E2EEF}.Release|x86.ActiveCfg = Release|Any CPU
		{B20FCB4F-3D17-4DF0-81AA-2661629E2EEF}.Release|x86.Build.0 = Release|Any CPU
	EndGlobalSection
	GlobalSection(SolutionProperties) = preSolution
		HideSolutionNode = FALSE
	EndGlobalSection
	GlobalSection(ExtensibilityGlobals) = postSolution
		SolutionGuid = {B4DFD881-DDC1-4B95-8BF2-7F0B2DAABA2F}
	EndGlobalSection
EndGlobal
